
Microsoft Visual Studio Solution File, Format Version 12.00
# Visual Studio Version 17
VisualStudioVersion = 17.14.36623.8
MinimumVisualStudioVersion = 10.0.40219.1
Project("{FAE04EC0-301F-11D3-BF4B-00C04F79EFBC}") = "ProyectoFinalProgra4", "ProyectoFinalProgra4\ProyectoFinalProgra4.csproj", "{86188730-7C0F-4FA6-A513-3EFDF1176B3C}"
EndProject
Project("{2150E333-8FDC-42A3-9474-1A3956D46DE8}") = "Elementos de la solución", "Elementos de la solución", "{D107F4C8-89CC-BEA8-D3D7-CA6B7733353D}"
	ProjectSection(SolutionItems) = preProject
		.gitignore = .gitignore
		README.md = README.md
	EndProjectSection
EndProject
Global
	GlobalSection(SolutionConfigurationPlatforms) = preSolution
		Debug|Any CPU = Debug|Any CPU
		Release|Any CPU = Release|Any CPU
	EndGlobalSection
	GlobalSection(ProjectConfigurationPlatforms) = postSolution
		{86188730-7C0F-4FA6-A513-3EFDF1176B3C}.Debug|Any CPU.ActiveCfg = Debug|Any CPU
		{86188730-7C0F-4FA6-A513-3EFDF1176B3C}.Debug|Any CPU.Build.0 = Debug|Any CPU
		{86188730-7C0F-4FA6-A513-3EFDF1176B3C}.Release|Any CPU.ActiveCfg = Release|Any CPU
		{86188730-7C0F-4FA6-A513-3EFDF1176B3C}.Release|Any CPU.Build.0 = Release|Any CPU
	EndGlobalSection
	GlobalSection(SolutionProperties) = preSolution
		HideSolutionNode = FALSE
	EndGlobalSection
	GlobalSection(ExtensibilityGlobals) = postSolution
		SolutionGuid = {CF46AEB9-5360-47B0-83E1-ADE610240665}
	EndGlobalSection
EndGlobal
